
Microsoft Visual Studio Solution File, Format Version 12.00
# Visual Studio Version 17
VisualStudioVersion = 17.0.31903.59
MinimumVisualStudioVersion = 10.0.40219.1
Project("{FAE04EC0-301F-11D3-BF4B-00C04F79EFBC}") = "ConsoleApp1", "ConsoleApp1\ConsoleApp1.csproj", "{244DE0E1-8DE1-45E8-8C24-FBA587605E2C}"
EndProject
Project("{FAE04EC0-301F-11D3-BF4B-00C04F79EFBC}") = "Logic Exercise", "Logic Exercise\Logic Exercise.csproj", "{A573774B-F556-4BC3-8489-5C0485C15B7A}"
EndProject
Project("{FAE04EC0-301F-11D3-BF4B-00C04F79EFBC}") = "Logic Exercise 2", "Logic Exercise 2\Logic Exercise 2.csproj", "{DAF023E5-B6B5-4D99-AA4A-5B2941B47134}"
EndProject
Project("{FAE04EC0-301F-11D3-BF4B-00C04F79EFBC}") = "Logic Exercise 3", "Logic Exercise 3\Logic Exercise 3.csproj", "{209B6FDD-2B5D-4E87-AD10-ABF505C8016A}"
EndProject
Project("{FAE04EC0-301F-11D3-BF4B-00C04F79EFBC}") = "Final Logic Exercise", "Final Logic Exercise\Final Logic Exercise.csproj", "{1E32217C-4B07-4C6C-90D5-65C76996B9E3}"
EndProject
Global
	GlobalSection(SolutionConfigurationPlatforms) = preSolution
		Debug|Any CPU = Debug|Any CPU
		Debug|x64 = Debug|x64
		Debug|x86 = Debug|x86
		Release|Any CPU = Release|Any CPU
		Release|x64 = Release|x64
		Release|x86 = Release|x86
	EndGlobalSection
	GlobalSection(ProjectConfigurationPlatforms) = postSolution
		{244DE0E1-8DE1-45E8-8C24-FBA587605E2C}.Debug|Any CPU.ActiveCfg = Debug|Any CPU
		{244DE0E1-8DE1-45E8-8C24-FBA587605E2C}.Debug|Any CPU.Build.0 = Debug|Any CPU
		{244DE0E1-8DE1-45E8-8C24-FBA587605E2C}.Debug|x64.ActiveCfg = Debug|Any CPU
		{244DE0E1-8DE1-45E8-8C24-FBA587605E2C}.Debug|x64.Build.0 = Debug|Any CPU
		{244DE0E1-8DE1-45E8-8C24-FBA587605E2C}.Debug|x86.ActiveCfg = Debug|Any CPU
		{244DE0E1-8DE1-45E8-8C24-FBA587605E2C}.Debug|x86.Build.0 = Debug|Any CPU
		{244DE0E1-8DE1-45E8-8C24-FBA587605E2C}.Release|Any CPU.ActiveCfg = Release|Any CPU
		{244DE0E1-8DE1-45E8-8C24-FBA587605E2C}.Release|Any CPU.Build.0 = Release|Any CPU
		{244DE0E1-8DE1-45E8-8C24-FBA587605E2C}.Release|x64.ActiveCfg = Release|Any CPU
		{244DE0E1-8DE1-45E8-8C24-FBA587605E2C}.Release|x64.Build.0 = Release|Any CPU
		{244DE0E1-8DE1-45E8-8C24-FBA587605E2C}.Release|x86.ActiveCfg = Release|Any CPU
		{244DE0E1-8DE1-45E8-8C24-FBA587605E2C}.Release|x86.Build.0 = Release|Any CPU
		{A573774B-F556-4BC3-8489-5C0485C15B7A}.Debug|Any CPU.ActiveCfg = Debug|Any CPU
		{A573774B-F556-4BC3-8489-5C0485C15B7A}.Debug|Any CPU.Build.0 = Debug|Any CPU
		{A573774B-F556-4BC3-8489-5C0485C15B7A}.Debug|x64.ActiveCfg = Debug|Any CPU
		{A573774B-F556-4BC3-8489-5C0485C15B7A}.Debug|x64.Build.0 = Debug|Any CPU
		{A573774B-F556-4BC3-8489-5C0485C15B7A}.Debug|x86.ActiveCfg = Debug|Any CPU
		{A573774B-F556-4BC3-8489-5C0485C15B7A}.Debug|x86.Build.0 = Debug|Any CPU
		{A573774B-F556-4BC3-8489-5C0485C15B7A}.Release|Any CPU.ActiveCfg = Release|Any CPU
		{A573774B-F556-4BC3-8489-5C0485C15B7A}.Release|Any CPU.Build.0 = Release|Any CPU
		{A573774B-F556-4BC3-8489-5C0485C15B7A}.Release|x64.ActiveCfg = Release|Any CPU
		{A573774B-F556-4BC3-8489-5C0485C15B7A}.Release|x64.Build.0 = Release|Any CPU
		{A573774B-F556-4BC3-8489-5C0485C15B7A}.Release|x86.ActiveCfg = Release|Any CPU
		{A573774B-F556-4BC3-8489-5C0485C15B7A}.Release|x86.Build.0 = Release|Any CPU
		{DAF023E5-B6B5-4D99-AA4A-5B2941B47134}.Debug|Any CPU.ActiveCfg = Debug|Any CPU
		{DAF023E5-B6B5-4D99-AA4A-5B2941B47134}.Debug|Any CPU.Build.0 = Debug|Any CPU
		{DAF023E5-B6B5-4D99-AA4A-5B2941B47134}.Debug|x64.ActiveCfg = Debug|Any CPU
		{DAF023E5-B6B5-4D99-AA4A-5B2941B47134}.Debug|x64.Build.0 = Debug|Any CPU
		{DAF023E5-B6B5-4D99-AA4A-5B2941B47134}.Debug|x86.ActiveCfg = Debug|Any CPU
		{DAF023E5-B6B5-4D99-AA4A-5B2941B47134}.Debug|x86.Build.0 = Debug|Any CPU
		{DAF023E5-B6B5-4D99-AA4A-5B2941B47134}.Release|Any CPU.ActiveCfg = Release|Any CPU
		{DAF023E5-B6B5-4D99-AA4A-5B2941B47134}.Release|Any CPU.Build.0 = Release|Any CPU
		{DAF023E5-B6B5-4D99-AA4A-5B2941B47134}.Release|x64.ActiveCfg = Release|Any CPU
		{DAF023E5-B6B5-4D99-AA4A-5B2941B47134}.Release|x64.Build.0 = Release|Any CPU
		{DAF023E5-B6B5-4D99-AA4A-5B2941B47134}.Release|x86.ActiveCfg = Release|Any CPU
		{DAF023E5-B6B5-4D99-AA4A-5B2941B47134}.Release|x86.Build.0 = Release|Any CPU
		{209B6FDD-2B5D-4E87-AD10-ABF505C8016A}.Debug|Any CPU.ActiveCfg = Debug|Any CPU
		{209B6FDD-2B5D-4E87-AD10-ABF505C8016A}.Debug|Any CPU.Build.0 = Debug|Any CPU
		{209B6FDD-2B5D-4E87-AD10-ABF505C8016A}.Debug|x64.ActiveCfg = Debug|Any CPU
		{209B6FDD-2B5D-4E87-AD10-ABF505C8016A}.Debug|x64.Build.0 = Debug|Any CPU
		{209B6FDD-2B5D-4E87-AD10-ABF505C8016A}.Debug|x86.ActiveCfg = Debug|Any CPU
		{209B6FDD-2B5D-4E87-AD10-ABF505C8016A}.Debug|x86.Build.0 = Debug|Any CPU
		{209B6FDD-2B5D-4E87-AD10-ABF505C8016A}.Release|Any CPU.ActiveCfg = Release|Any CPU
		{209B6FDD-2B5D-4E87-AD10-ABF505C8016A}.Release|Any CPU.Build.0 = Release|Any CPU
		{209B6FDD-2B5D-4E87-AD10-ABF505C8016A}.Release|x64.ActiveCfg = Release|Any CPU
		{209B6FDD-2B5D-4E87-AD10-ABF505C8016A}.Release|x64.Build.0 = Release|Any CPU
		{209B6FDD-2B5D-4E87-AD10-ABF505C8016A}.Release|x86.ActiveCfg = Release|Any CPU
		{209B6FDD-2B5D-4E87-AD10-ABF505C8016A}.Release|x86.Build.0 = Release|Any CPU
		{1E32217C-4B07-4C6C-90D5-65C76996B9E3}.Debug|Any CPU.ActiveCfg = Debug|Any CPU
		{1E32217C-4B07-4C6C-90D5-65C76996B9E3}.Debug|Any CPU.Build.0 = Debug|Any CPU
		{1E32217C-4B07-4C6C-90D5-65C76996B9E3}.Debug|x64.ActiveCfg = Debug|Any CPU
		{1E32217C-4B07-4C6C-90D5-65C76996B9E3}.Debug|x64.Build.0 = Debug|Any CPU
		{1E32217C-4B07-4C6C-90D5-65C76996B9E3}.Debug|x86.ActiveCfg = Debug|Any CPU
		{1E32217C-4B07-4C6C-90D5-65C76996B9E3}.Debug|x86.Build.0 = Debug|Any CPU
		{1E32217C-4B07-4C6C-90D5-65C76996B9E3}.Release|Any CPU.ActiveCfg = Release|Any CPU
		{1E32217C-4B07-4C6C-90D5-65C76996B9E3}.Release|Any CPU.Build.0 = Release|Any CPU
		{1E32217C-4B07-4C6C-90D5-65C76996B9E3}.Release|x64.ActiveCfg = Release|Any CPU
		{1E32217C-4B07-4C6C-90D5-65C76996B9E3}.Release|x64.Build.0 = Release|Any CPU
		{1E32217C-4B07-4C6C-90D5-65C76996B9E3}.Release|x86.ActiveCfg = Release|Any CPU
		{1E32217C-4B07-4C6C-90D5-65C76996B9E3}.Release|x86.Build.0 = Release|Any CPU
	EndGlobalSection
	GlobalSection(SolutionProperties) = preSolution
		HideSolutionNode = FALSE
	EndGlobalSection
EndGlobal
